// !$*UTF8*$!
{
	archiveVersion = 1;
	classes = {
	};
	objectVersion = 56;
	objects = {

/* Begin PBXBuildFile section */
		9B3235F4295344A500983DB6 /* AppDelegate.swift in Sources */ = {isa = PBXBuildFile; fileRef = 9B3235F3295344A500983DB6 /* AppDelegate.swift */; };
		9B3235F6295344A500983DB6 /* SceneDelegate.swift in Sources */ = {isa = PBXBuildFile; fileRef = 9B3235F5295344A500983DB6 /* SceneDelegate.swift */; };
		9B3235F8295344A500983DB6 /* ViewController.swift in Sources */ = {isa = PBXBuildFile; fileRef = 9B3235F7295344A500983DB6 /* ViewController.swift */; };
		9B3235FD295344A700983DB6 /* Assets.xcassets in Resources */ = {isa = PBXBuildFile; fileRef = 9B3235FC295344A700983DB6 /* Assets.xcassets */; };
		9B323600295344A700983DB6 /* LaunchScreen.storyboard in Resources */ = {isa = PBXBuildFile; fileRef = 9B3235FE295344A700983DB6 /* LaunchScreen.storyboard */; };
		9B3E7C7A295ADBD600E6605F /* MusicCollectionViewCell.swift in Sources */ = {isa = PBXBuildFile; fileRef = 9B3E7C79295ADBD600E6605F /* MusicCollectionViewCell.swift */; };
		9B3E7C7C295B268800E6605F /* NetworkClient.swift in Sources */ = {isa = PBXBuildFile; fileRef = 9B3E7C7B295B268800E6605F /* NetworkClient.swift */; };
		9B3E7C7E295B26D000E6605F /* MusicItemModel.swift in Sources */ = {isa = PBXBuildFile; fileRef = 9B3E7C7D295B26D000E6605F /* MusicItemModel.swift */; };
		9B3E7C80295B272F00E6605F /* ContentViewModel.swift in Sources */ = {isa = PBXBuildFile; fileRef = 9B3E7C7F295B272F00E6605F /* ContentViewModel.swift */; };
		9B3E7C82295B275100E6605F /* ImageDownloader.swift in Sources */ = {isa = PBXBuildFile; fileRef = 9B3E7C81295B275100E6605F /* ImageDownloader.swift */; };
		9B3E7C84295B277A00E6605F /* MusicSearchResponse.swift in Sources */ = {isa = PBXBuildFile; fileRef = 9B3E7C83295B277A00E6605F /* MusicSearchResponse.swift */; };
		9B3E7C86295B27A900E6605F /* Extensions.swift in Sources */ = {isa = PBXBuildFile; fileRef = 9B3E7C85295B27A900E6605F /* Extensions.swift */; };
		9B3E7C88295B3ABA00E6605F /* DetailViewController.swift in Sources */ = {isa = PBXBuildFile; fileRef = 9B3E7C87295B3ABA00E6605F /* DetailViewController.swift */; };
/* End PBXBuildFile section */

/* Begin PBXFileReference section */
		9B3235F0295344A500983DB6 /* MusicSearchUIKit_NoStoryboards.app */ = {isa = PBXFileReference; explicitFileType = wrapper.application; includeInIndex = 0; path = MusicSearchUIKit_NoStoryboards.app; sourceTree = BUILT_PRODUCTS_DIR; };
		9B3235F3295344A500983DB6 /* AppDelegate.swift */ = {isa = PBXFileReference; lastKnownFileType = sourcecode.swift; path = AppDelegate.swift; sourceTree = "<group>"; };
		9B3235F5295344A500983DB6 /* SceneDelegate.swift */ = {isa = PBXFileReference; lastKnownFileType = sourcecode.swift; path = SceneDelegate.swift; sourceTree = "<group>"; };
		9B3235F7295344A500983DB6 /* ViewController.swift */ = {isa = PBXFileReference; lastKnownFileType = sourcecode.swift; path = ViewController.swift; sourceTree = "<group>"; };
		9B3235FC295344A700983DB6 /* Assets.xcassets */ = {isa = PBXFileReference; lastKnownFileType = folder.assetcatalog; path = Assets.xcassets; sourceTree = "<group>"; };
		9B3235FF295344A700983DB6 /* Base */ = {isa = PBXFileReference; lastKnownFileType = file.storyboard; name = Base; path = Base.lproj/LaunchScreen.storyboard; sourceTree = "<group>"; };
		9B323601295344A700983DB6 /* Info.plist */ = {isa = PBXFileReference; lastKnownFileType = text.plist.xml; path = Info.plist; sourceTree = "<group>"; };
		9B3E7C79295ADBD600E6605F /* MusicCollectionViewCell.swift */ = {isa = PBXFileReference; lastKnownFileType = sourcecode.swift; path = MusicCollectionViewCell.swift; sourceTree = "<group>"; };
		9B3E7C7B295B268800E6605F /* NetworkClient.swift */ = {isa = PBXFileReference; lastKnownFileType = sourcecode.swift; path = NetworkClient.swift; sourceTree = "<group>"; };
		9B3E7C7D295B26D000E6605F /* MusicItemModel.swift */ = {isa = PBXFileReference; lastKnownFileType = sourcecode.swift; path = MusicItemModel.swift; sourceTree = "<group>"; };
		9B3E7C7F295B272F00E6605F /* ContentViewModel.swift */ = {isa = PBXFileReference; lastKnownFileType = sourcecode.swift; path = ContentViewModel.swift; sourceTree = "<group>"; };
		9B3E7C81295B275100E6605F /* ImageDownloader.swift */ = {isa = PBXFileReference; lastKnownFileType = sourcecode.swift; path = ImageDownloader.swift; sourceTree = "<group>"; };
		9B3E7C83295B277A00E6605F /* MusicSearchResponse.swift */ = {isa = PBXFileReference; lastKnownFileType = sourcecode.swift; path = MusicSearchResponse.swift; sourceTree = "<group>"; };
		9B3E7C85295B27A900E6605F /* Extensions.swift */ = {isa = PBXFileReference; lastKnownFileType = sourcecode.swift; path = Extensions.swift; sourceTree = "<group>"; };
		9B3E7C87295B3ABA00E6605F /* DetailViewController.swift */ = {isa = PBXFileReference; lastKnownFileType = sourcecode.swift; path = DetailViewController.swift; sourceTree = "<group>"; };
/* End PBXFileReference section */

/* Begin PBXFrameworksBuildPhase section */
		9B3235ED295344A500983DB6 /* Frameworks */ = {
			isa = PBXFrameworksBuildPhase;
			buildActionMask = 2147483647;
			files = (
			);
			runOnlyForDeploymentPostprocessing = 0;
		};
/* End PBXFrameworksBuildPhase section */

/* Begin PBXGroup section */
		9B3235E7295344A500983DB6 = {
			isa = PBXGroup;
			children = (
				9B3235F2295344A500983DB6 /* MusicSearchUIKit_NoStoryboards */,
				9B3235F1295344A500983DB6 /* Products */,
			);
			sourceTree = "<group>";
		};
		9B3235F1295344A500983DB6 /* Products */ = {
			isa = PBXGroup;
			children = (
				9B3235F0295344A500983DB6 /* MusicSearchUIKit_NoStoryboards.app */,
			);
			name = Products;
			sourceTree = "<group>";
		};
		9B3235F2295344A500983DB6 /* MusicSearchUIKit_NoStoryboards */ = {
			isa = PBXGroup;
			children = (
				9B3E7C7B295B268800E6605F /* NetworkClient.swift */,
				9B3235F3295344A500983DB6 /* AppDelegate.swift */,
				9B3235F5295344A500983DB6 /* SceneDelegate.swift */,
				9B3235F7295344A500983DB6 /* ViewController.swift */,
				9B3235FC295344A700983DB6 /* Assets.xcassets */,
				9B3235FE295344A700983DB6 /* LaunchScreen.storyboard */,
				9B323601295344A700983DB6 /* Info.plist */,
				9B3E7C79295ADBD600E6605F /* MusicCollectionViewCell.swift */,
				9B3E7C7D295B26D000E6605F /* MusicItemModel.swift */,
				9B3E7C7F295B272F00E6605F /* ContentViewModel.swift */,
				9B3E7C81295B275100E6605F /* ImageDownloader.swift */,
				9B3E7C83295B277A00E6605F /* MusicSearchResponse.swift */,
				9B3E7C85295B27A900E6605F /* Extensions.swift */,
				9B3E7C87295B3ABA00E6605F /* DetailViewController.swift */,
			);
			path = MusicSearchUIKit_NoStoryboards;
			sourceTree = "<group>";
		};
/* End PBXGroup section */

/* Begin PBXNativeTarget section */
		9B3235EF295344A500983DB6 /* MusicSearchUIKit_NoStoryboards */ = {
			isa = PBXNativeTarget;
			buildConfigurationList = 9B323604295344A700983DB6 /* Build configuration list for PBXNativeTarget "MusicSearchUIKit_NoStoryboards" */;
			buildPhases = (
				9B3235EC295344A500983DB6 /* Sources */,
				9B3235ED295344A500983DB6 /* Frameworks */,
				9B3235EE295344A500983DB6 /* Resources */,
			);
			buildRules = (
			);
			dependencies = (
			);
			name = MusicSearchUIKit_NoStoryboards;
			productName = MusicSearchUIKit_NoStoryboards;
			productReference = 9B3235F0295344A500983DB6 /* MusicSearchUIKit_NoStoryboards.app */;
			productType = "com.apple.product-type.application";
		};
/* End PBXNativeTarget section */

/* Begin PBXProject section */
		9B3235E8295344A500983DB6 /* Project object */ = {
			isa = PBXProject;
			attributes = {
				BuildIndependentTargetsInParallel = 1;
				LastSwiftUpdateCheck = 1400;
				LastUpgradeCheck = 1400;
				TargetAttributes = {
					9B3235EF295344A500983DB6 = {
						CreatedOnToolsVersion = 14.0.1;
					};
				};
			};
			buildConfigurationList = 9B3235EB295344A500983DB6 /* Build configuration list for PBXProject "MusicSearchUIKit_NoStoryboards" */;
			compatibilityVersion = "Xcode 14.0";
			developmentRegion = en;
			hasScannedForEncodings = 0;
			knownRegions = (
				en,
				Base,
			);
			mainGroup = 9B3235E7295344A500983DB6;
			productRefGroup = 9B3235F1295344A500983DB6 /* Products */;
			projectDirPath = "";
			projectRoot = "";
			targets = (
				9B3235EF295344A500983DB6 /* MusicSearchUIKit_NoStoryboards */,
			);
		};
/* End PBXProject section */

/* Begin PBXResourcesBuildPhase section */
		9B3235EE295344A500983DB6 /* Resources */ = {
			isa = PBXResourcesBuildPhase;
			buildActionMask = 2147483647;
			files = (
				9B323600295344A700983DB6 /* LaunchScreen.storyboard in Resources */,
				9B3235FD295344A700983DB6 /* Assets.xcassets in Resources */,
			);
			runOnlyForDeploymentPostprocessing = 0;
		};
/* End PBXResourcesBuildPhase section */

/* Begin PBXSourcesBuildPhase section */
		9B3235EC295344A500983DB6 /* Sources */ = {
			isa = PBXSourcesBuildPhase;
			buildActionMask = 2147483647;
			files = (
				9B3E7C88295B3ABA00E6605F /* DetailViewController.swift in Sources */,
				9B3E7C7A295ADBD600E6605F /* MusicCollectionViewCell.swift in Sources */,
				9B3E7C7C295B268800E6605F /* NetworkClient.swift in Sources */,
				9B3E7C82295B275100E6605F /* ImageDownloader.swift in Sources */,
				9B3235F8295344A500983DB6 /* ViewController.swift in Sources */,
				9B3E7C80295B272F00E6605F /* ContentViewModel.swift in Sources */,
				9B3E7C86295B27A900E6605F /* Extensions.swift in Sources */,
				9B3235F4295344A500983DB6 /* AppDelegate.swift in Sources */,
				9B3E7C7E295B26D000E6605F /* MusicItemModel.swift in Sources */,
				9B3E7C84295B277A00E6605F /* MusicSearchResponse.swift in Sources */,
				9B3235F6295344A500983DB6 /* SceneDelegate.swift in Sources */,
			);
			runOnlyForDeploymentPostprocessing = 0;
		};
/* End PBXSourcesBuildPhase section */

/* Begin PBXVariantGroup section */
		9B3235FE295344A700983DB6 /* LaunchScreen.storyboard */ = {
			isa = PBXVariantGroup;
			children = (
				9B3235FF295344A700983DB6 /* Base */,
			);
			name = LaunchScreen.storyboard;
			sourceTree = "<group>";
		};
/* End PBXVariantGroup section */

/* Begin XCBuildConfiguration section */
		9B323602295344A700983DB6 /* Debug */ = {
			isa = XCBuildConfiguration;
			buildSettings = {
				ALWAYS_SEARCH_USER_PATHS = NO;
				CLANG_ANALYZER_NONNULL = YES;
				CLANG_ANALYZER_NUMBER_OBJECT_CONVERSION = YES_AGGRESSIVE;
				CLANG_CXX_LANGUAGE_STANDARD = "gnu++20";
				CLANG_ENABLE_MODULES = YES;
				CLANG_ENABLE_OBJC_ARC = YES;
				CLANG_ENABLE_OBJC_WEAK = YES;
				CLANG_WARN_BLOCK_CAPTURE_AUTORELEASING = YES;
				CLANG_WARN_BOOL_CONVERSION = YES;
				CLANG_WARN_COMMA = YES;
				CLANG_WARN_CONSTANT_CONVERSION = YES;
				CLANG_WARN_DEPRECATED_OBJC_IMPLEMENTATIONS = YES;
				CLANG_WARN_DIRECT_OBJC_ISA_USAGE = YES_ERROR;
				CLANG_WARN_DOCUMENTATION_COMMENTS = YES;
				CLANG_WARN_EMPTY_BODY = YES;
				CLANG_WARN_ENUM_CONVERSION = YES;
				CLANG_WARN_INFINITE_RECURSION = YES;
				CLANG_WARN_INT_CONVERSION = YES;
				CLANG_WARN_NON_LITERAL_NULL_CONVERSION = YES;
				CLANG_WARN_OBJC_IMPLICIT_RETAIN_SELF = YES;
				CLANG_WARN_OBJC_LITERAL_CONVERSION = YES;
				CLANG_WARN_OBJC_ROOT_CLASS = YES_ERROR;
				CLANG_WARN_QUOTED_INCLUDE_IN_FRAMEWORK_HEADER = YES;
				CLANG_WARN_RANGE_LOOP_ANALYSIS = YES;
				CLANG_WARN_STRICT_PROTOTYPES = YES;
				CLANG_WARN_SUSPICIOUS_MOVE = YES;
				CLANG_WARN_UNGUARDED_AVAILABILITY = YES_AGGRESSIVE;
				CLANG_WARN_UNREACHABLE_CODE = YES;
				CLANG_WARN__DUPLICATE_METHOD_MATCH = YES;
				COPY_PHASE_STRIP = NO;
				DEBUG_INFORMATION_FORMAT = dwarf;
				ENABLE_STRICT_OBJC_MSGSEND = YES;
				ENABLE_TESTABILITY = YES;
				GCC_C_LANGUAGE_STANDARD = gnu11;
				GCC_DYNAMIC_NO_PIC = NO;
				GCC_NO_COMMON_BLOCKS = YES;
				GCC_OPTIMIZATION_LEVEL = 0;
				GCC_PREPROCESSOR_DEFINITIONS = (
					"DEBUG=1",
					"$(inherited)",
				);
				GCC_WARN_64_TO_32_BIT_CONVERSION = YES;
				GCC_WARN_ABOUT_RETURN_TYPE = YES_ERROR;
				GCC_WARN_UNDECLARED_SELECTOR = YES;
				GCC_WARN_UNINITIALIZED_AUTOS = YES_AGGRESSIVE;
				GCC_WARN_UNUSED_FUNCTION = YES;
				GCC_WARN_UNUSED_VARIABLE = YES;
				IPHONEOS_DEPLOYMENT_TARGET = 16.0;
				MTL_ENABLE_DEBUG_INFO = INCLUDE_SOURCE;
				MTL_FAST_MATH = YES;
				ONLY_ACTIVE_ARCH = YES;
				SDKROOT = iphoneos;
				SWIFT_ACTIVE_COMPILATION_CONDITIONS = DEBUG;
				SWIFT_OPTIMIZATION_LEVEL = "-Onone";
			};
			name = Debug;
		};
		9B323603295344A700983DB6 /* Release */ = {
			isa = XCBuildConfiguration;
			buildSettings = {
				ALWAYS_SEARCH_USER_PATHS = NO;
				CLANG_ANALYZER_NONNULL = YES;
				CLANG_ANALYZER_NUMBER_OBJECT_CONVERSION = YES_AGGRESSIVE;
				CLANG_CXX_LANGUAGE_STANDARD = "gnu++20";
				CLANG_ENABLE_MODULES = YES;
				CLANG_ENABLE_OBJC_ARC = YES;
				CLANG_ENABLE_OBJC_WEAK = YES;
				CLANG_WARN_BLOCK_CAPTURE_AUTORELEASING = YES;
				CLANG_WARN_BOOL_CONVERSION = YES;
				CLANG_WARN_COMMA = YES;
				CLANG_WARN_CONSTANT_CONVERSION = YES;
				CLANG_WARN_DEPRECATED_OBJC_IMPLEMENTATIONS = YES;
				CLANG_WARN_DIRECT_OBJC_ISA_USAGE = YES_ERROR;
				CLANG_WARN_DOCUMENTATION_COMMENTS = YES;
				CLANG_WARN_EMPTY_BODY = YES;
				CLANG_WARN_ENUM_CONVERSION = YES;
				CLANG_WARN_INFINITE_RECURSION = YES;
				CLANG_WARN_INT_CONVERSION = YES;
				CLANG_WARN_NON_LITERAL_NULL_CONVERSION = YES;
				CLANG_WARN_OBJC_IMPLICIT_RETAIN_SELF = YES;
				CLANG_WARN_OBJC_LITERAL_CONVERSION = YES;
				CLANG_WARN_OBJC_ROOT_CLASS = YES_ERROR;
				CLANG_WARN_QUOTED_INCLUDE_IN_FRAMEWORK_HEADER = YES;
				CLANG_WARN_RANGE_LOOP_ANALYSIS = YES;
				CLANG_WARN_STRICT_PROTOTYPES = YES;
				CLANG_WARN_SUSPICIOUS_MOVE = YES;
				CLANG_WARN_UNGUARDED_AVAILABILITY = YES_AGGRESSIVE;
				CLANG_WARN_UNREACHABLE_CODE = YES;
				CLANG_WARN__DUPLICATE_METHOD_MATCH = YES;
				COPY_PHASE_STRIP = NO;
				DEBUG_INFORMATION_FORMAT = "dwarf-with-dsym";
				ENABLE_NS_ASSERTIONS = NO;
				ENABLE_STRICT_OBJC_MSGSEND = YES;
				GCC_C_LANGUAGE_STANDARD = gnu11;
				GCC_NO_COMMON_BLOCKS = YES;
				GCC_WARN_64_TO_32_BIT_CONVERSION = YES;
				GCC_WARN_ABOUT_RETURN_TYPE = YES_ERROR;
				GCC_WARN_UNDECLARED_SELECTOR = YES;
				GCC_WARN_UNINITIALIZED_AUTOS = YES_AGGRESSIVE;
				GCC_WARN_UNUSED_FUNCTION = YES;
				GCC_WARN_UNUSED_VARIABLE = YES;
				IPHONEOS_DEPLOYMENT_TARGET = 16.0;
				MTL_ENABLE_DEBUG_INFO = NO;
				MTL_FAST_MATH = YES;
				SDKROOT = iphoneos;
				SWIFT_COMPILATION_MODE = wholemodule;
				SWIFT_OPTIMIZATION_LEVEL = "-O";
				VALIDATE_PRODUCT = YES;
			};
			name = Release;
		};
		9B323605295344A700983DB6 /* Debug */ = {
			isa = XCBuildConfiguration;
			buildSettings = {
				ASSETCATALOG_COMPILER_APPICON_NAME = AppIcon;
				ASSETCATALOG_COMPILER_GLOBAL_ACCENT_COLOR_NAME = AccentColor;
				CODE_SIGN_STYLE = Automatic;
				CURRENT_PROJECT_VERSION = 1;
				DEVELOPMENT_TEAM = 5HH99XAS6F;
				GENERATE_INFOPLIST_FILE = YES;
				INFOPLIST_FILE = MusicSearchUIKit_NoStoryboards/Info.plist;
				INFOPLIST_KEY_UIApplicationSupportsIndirectInputEvents = YES;
				INFOPLIST_KEY_UILaunchStoryboardName = LaunchScreen.storyboard;
				INFOPLIST_KEY_UISupportedInterfaceOrientations_iPad = "UIInterfaceOrientationPortrait UIInterfaceOrientationPortraitUpsideDown UIInterfaceOrientationLandscapeLeft UIInterfaceOrientationLandscapeRight";
				INFOPLIST_KEY_UISupportedInterfaceOrientations_iPhone = "UIInterfaceOrientationPortrait UIInterfaceOrientationLandscapeLeft UIInterfaceOrientationLandscapeRight";
				LD_RUNPATH_SEARCH_PATHS = (
					"$(inherited)",
					"@executable_path/Frameworks",
				);
				MARKETING_VERSION = 1.0;
				PRODUCT_BUNDLE_IDENTIFIER = "com.doganaydemirneslihan.MusicSearchUIKit-NoStoryboards";
				PRODUCT_NAME = "$(TARGET_NAME)";
				SWIFT_EMIT_LOC_STRINGS = YES;
				SWIFT_VERSION = 5.0;
				TARGETED_DEVICE_FAMILY = "1,2";
			};
			name = Debug;
		};
		9B323606295344A700983DB6 /* Release */ = {
			isa = XCBuildConfiguration;
			buildSettings = {
				ASSETCATALOG_COMPILER_APPICON_NAME = AppIcon;
				ASSETCATALOG_COMPILER_GLOBAL_ACCENT_COLOR_NAME = AccentColor;
				CODE_SIGN_STYLE = Automatic;
				CURRENT_PROJECT_VERSION = 1;
				DEVELOPMENT_TEAM = 5HH99XAS6F;
				GENERATE_INFOPLIST_FILE = YES;
				INFOPLIST_FILE = MusicSearchUIKit_NoStoryboards/Info.plist;
				INFOPLIST_KEY_UIApplicationSupportsIndirectInputEvents = YES;
				INFOPLIST_KEY_UILaunchStoryboardName = LaunchScreen.storyboard;
				INFOPLIST_KEY_UISupportedInterfaceOrientations_iPad = "UIInterfaceOrientationPortrait UIInterfaceOrientationPortraitUpsideDown UIInterfaceOrientationLandscapeLeft UIInterfaceOrientationLandscapeRight";
				INFOPLIST_KEY_UISupportedInterfaceOrientations_iPhone = "UIInterfaceOrientationPortrait UIInterfaceOrientationLandscapeLeft UIInterfaceOrientationLandscapeRight";
				LD_RUNPATH_SEARCH_PATHS = (
					"$(inherited)",
					"@executable_path/Frameworks",
				);
				MARKETING_VERSION = 1.0;
				PRODUCT_BUNDLE_IDENTIFIER = "com.doganaydemirneslihan.MusicSearchUIKit-NoStoryboards";
				PRODUCT_NAME = "$(TARGET_NAME)";
				SWIFT_EMIT_LOC_STRINGS = YES;
				SWIFT_VERSION = 5.0;
				TARGETED_DEVICE_FAMILY = "1,2";
			};
			name = Release;
		};
/* End XCBuildConfiguration section */

/* Begin XCConfigurationList section */
		9B3235EB295344A500983DB6 /* Build configuration list for PBXProject "MusicSearchUIKit_NoStoryboards" */ = {
			isa = XCConfigurationList;
			buildConfigurations = (
				9B323602295344A700983DB6 /* Debug */,
				9B323603295344A700983DB6 /* Release */,
			);
			defaultConfigurationIsVisible = 0;
			defaultConfigurationName = Release;
		};
		9B323604295344A700983DB6 /* Build configuration list for PBXNativeTarget "MusicSearchUIKit_NoStoryboards" */ = {
			isa = XCConfigurationList;
			buildConfigurations = (
				9B323605295344A700983DB6 /* Debug */,
				9B323606295344A700983DB6 /* Release */,
			);
			defaultConfigurationIsVisible = 0;
			defaultConfigurationName = Release;
		};
/* End XCConfigurationList section */
	};
	rootObject = 9B3235E8295344A500983DB6 /* Project object */;
}
